
Microsoft Visual Studio Solution File, Format Version 12.00
# Visual Studio Version 17
VisualStudioVersion = 17.4.33205.214
MinimumVisualStudioVersion = 10.0.40219.1
Project("{8BC9CEB8-8B4A-11D0-8D11-00A0C91BC942}") = "1.1-1.3", "Project7\Project7.vcxproj", "{DAE458D4-392D-4A2A-B8D8-B1F72825DC68}"
EndProject
Project("{8BC9CEB8-8B4A-11D0-8D11-00A0C91BC942}") = "1.4控制流", "Project1\Project1.vcxproj", "{865FF138-6E5F-408B-80CE-F0242AA7DA8E}"
EndProject
Project("{8BC9CEB8-8B4A-11D0-8D11-00A0C91BC942}") = "1.5BookStore", "BookStore\BookStore.vcxproj", "{00EB1FCF-9076-4D45-BF06-88096419D303}"
EndProject
Project("{8BC9CEB8-8B4A-11D0-8D11-00A0C91BC942}") = "2.1内置基本类型", "2.1\2.1.vcxproj", "{38564C04-4837-4418-A78D-CDC268B77432}"
EndProject
Project("{8BC9CEB8-8B4A-11D0-8D11-00A0C91BC942}") = "2.2变量", "2.2\2.2.vcxproj", "{13F06B5F-AC53-4E20-B91F-EF3B369968A5}"
EndProject
Project("{8BC9CEB8-8B4A-11D0-8D11-00A0C91BC942}") = "2.3复合类型", "2.3\2.3.vcxproj", "{0323E8E9-11B6-4828-8DC0-0766FC370A7A}"
EndProject
Project("{8BC9CEB8-8B4A-11D0-8D11-00A0C91BC942}") = "2.4const限定符", "2.4\2.4.vcxproj", "{F53EDA8D-D617-4649-A316-BC97F8F31E78}"
EndProject
Project("{8BC9CEB8-8B4A-11D0-8D11-00A0C91BC942}") = "2.5处理类型", "2.5\2.5.vcxproj", "{FBBD9889-60BD-493D-9E41-30CFE1C45637}"
EndProject
Project("{8BC9CEB8-8B4A-11D0-8D11-00A0C91BC942}") = "2.6自定义数据类型", "2.6\2.6.vcxproj", "{703325C2-CF11-458C-BC31-552D97DBC998}"
EndProject
Project("{8BC9CEB8-8B4A-11D0-8D11-00A0C91BC942}") = "3.1命名空间的using声明", "3.1命名空间的using声明\3.1命名空间的using声明.vcxproj", "{5E32C7FD-BA13-488A-AC45-32AC514FFA81}"
EndProject
Project("{8BC9CEB8-8B4A-11D0-8D11-00A0C91BC942}") = "3.2标准库类型string", "3.2标准库类型string\3.2标准库类型string.vcxproj", "{F9B93C76-A7DD-43DA-BEB9-189AB7EE911F}"
EndProject
Project("{8BC9CEB8-8B4A-11D0-8D11-00A0C91BC942}") = "3.3标准库类型vector", "标准库类型vector\标准库类型vector.vcxproj", "{ECC99986-1126-478F-A4C9-C73A23E1CA9C}"
EndProject
Project("{8BC9CEB8-8B4A-11D0-8D11-00A0C91BC942}") = "3.4迭代器介绍", "3.4迭代器介绍\3.4迭代器介绍.vcxproj", "{D6FA0A41-4E18-47BF-A029-CE9C9461A583}"
EndProject
Project("{8BC9CEB8-8B4A-11D0-8D11-00A0C91BC942}") = "3.5数组", "3.5数组\3.5数组.vcxproj", "{91AD8EE8-174C-47F9-A4C0-0EBB38737F8D}"
EndProject
Project("{8BC9CEB8-8B4A-11D0-8D11-00A0C91BC942}") = "3.6多维数组", "Project2\Project2.vcxproj", "{7F41B37A-2AB7-4911-871D-F0B22393CCE7}"
EndProject
Project("{8BC9CEB8-8B4A-11D0-8D11-00A0C91BC942}") = "4.1 -4.7各种运算符", "4.1\4.1.vcxproj", "{F6331AFC-99C9-4EC8-8BC5-CBA827BA490F}"
EndProject
Project("{8BC9CEB8-8B4A-11D0-8D11-00A0C91BC942}") = "4.8 位运算符和别的", "Project3\Project3.vcxproj", "{830C76BE-5988-4A44-9DF4-0D8FDEE511CE}"
EndProject
Project("{8BC9CEB8-8B4A-11D0-8D11-00A0C91BC942}") = "4.8+0.3 类型转换", "4.11 类型转换\4.11 类型转换.vcxproj", "{DE8A4E78-FD0A-4D93-8E93-D18BEA8AE8D8}"
EndProject
Project("{8BC9CEB8-8B4A-11D0-8D11-00A0C91BC942}") = "5语句", "5.1简单语句\5.1简单语句.vcxproj", "{054AC3B7-3753-47BE-82DC-B3C8FC8AF9D7}"
EndProject
Project("{8BC9CEB8-8B4A-11D0-8D11-00A0C91BC942}") = "6.1-6.2.3函数基础", "6.1函数基础\6.1函数基础.vcxproj", "{BD6D6585-16CB-4C61-A1B8-085A84990FE8}"
EndProject
Project("{8BC9CEB8-8B4A-11D0-8D11-00A0C91BC942}") = "6.2.4数组形参", "6.2.4数组形参\6.2.4数组形参.vcxproj", "{3FD4E197-88A7-4037-8F5C-5A2A29B6597D}"
EndProject
Project("{8BC9CEB8-8B4A-11D0-8D11-00A0C91BC942}") = "6.2.5-6 main,initializer_list", "6.2.5\6.2.5.vcxproj", "{8FC75533-94B3-460D-A422-B826FC5C4B70}"
EndProject
Project("{8BC9CEB8-8B4A-11D0-8D11-00A0C91BC942}") = "6.3 返回类型和return语句", "6.3 返回类型和return语句\6.3 返回类型和return语句.vcxproj", "{9AD4F3C2-6572-4857-ADCC-AF6386FEC6AC}"
EndProject
Project("{8BC9CEB8-8B4A-11D0-8D11-00A0C91BC942}") = "6.4 Overloaded Functions", "6.4 Overloaded Functions\6.4 Overloaded Functions.vcxproj", "{3E7199C4-F371-4F43-855D-72A43552C359}"
EndProject
Project("{8BC9CEB8-8B4A-11D0-8D11-00A0C91BC942}") = "6.5 Features for Specialized Uses", "6.5 Features for Specialized Uses\6.5 Features for Specialized Uses.vcxproj", "{AB018EB8-267E-4F19-AD73-9F75BF8A4CA5}"
EndProject
Project("{8BC9CEB8-8B4A-11D0-8D11-00A0C91BC942}") = "6.6 Function Matching", "6.6 Function Matching\6.6 Function Matching.vcxproj", "{85752FCB-BC15-45C8-8161-01D00A83D154}"
EndProject
Project("{8BC9CEB8-8B4A-11D0-8D11-00A0C91BC942}") = "6.7 Pointers to Functions", "6.7 Pointers to Functions\6.7 Pointers to Functions.vcxproj", "{BF6B4DB8-727D-4066-958B-CAD9F83903C0}"
EndProject
Project("{8BC9CEB8-8B4A-11D0-8D11-00A0C91BC942}") = "7.1 Defining Abstract Data Types", "7.1 Defining Abstract Data Types\7.1 Defining Abstract Data Types.vcxproj", "{3855DD5F-1A95-447F-B213-64743AD32083}"
EndProject
Project("{8BC9CEB8-8B4A-11D0-8D11-00A0C91BC942}") = "7.3 Additional Class Features", "7.3 Additional Class Features\7.3 Additional Class Features.vcxproj", "{2AC5CC55-780A-4F8B-9582-3E0E8FB36FC7}"
EndProject
Project("{8BC9CEB8-8B4A-11D0-8D11-00A0C91BC942}") = "7.4 Class Scope But 7.5 Constructors Revisited", "7.4 Class Scope\7.4 Class Scope.vcxproj", "{C3470486-3B41-4B61-ADF1-FF23B36E768F}"
EndProject
Project("{8BC9CEB8-8B4A-11D0-8D11-00A0C91BC942}") = "7.6 Static Members in Classes", "7.6 Static Members in Classes\7.6 Static Members in Classes.vcxproj", "{3D565B20-6800-4295-91D3-322FC588F6AF}"
EndProject
Project("{8BC9CEB8-8B4A-11D0-8D11-00A0C91BC942}") = "8.1 The IO Classes", "The IO Library\The IO Library.vcxproj", "{38E0BDCC-7ED1-46CA-BDD4-676D40DA9BE6}"
EndProject
Project("{8BC9CEB8-8B4A-11D0-8D11-00A0C91BC942}") = "8.2 File Input and Output", "8.2 File Input and Output\8.2 File Input and Output.vcxproj", "{76DC83FC-F316-4FB6-B857-3B0D4EF5DB14}"
EndProject
Project("{8BC9CEB8-8B4A-11D0-8D11-00A0C91BC942}") = "8.3 String Stream", "8.3 String Stream\8.3 String Stream.vcxproj", "{CEAA77AE-B80A-4DE8-9BC9-910F4F4599C9}"
EndProject
Project("{8BC9CEB8-8B4A-11D0-8D11-00A0C91BC942}") = "9.1Overview of the Sequential Containers", "Project5\Project5.vcxproj", "{A6CCB150-0666-46E9-8E76-C7C4CCE7C20D}"
EndProject
Project("{8BC9CEB8-8B4A-11D0-8D11-00A0C91BC942}") = "9.2 Container Library Overview", "9.2 Container Library Overview\9.2 Container Library Overview.vcxproj", "{45687B88-C378-43B1-89E8-8293D374C3FA}"
EndProject
Project("{8BC9CEB8-8B4A-11D0-8D11-00A0C91BC942}") = "9.3 Sequential Container Operations", "9.3 Sequential Container Operations\9.3 Sequential Container Operations.vcxproj", "{44CB2FD2-F0D1-4947-B222-96B36CBC956A}"
EndProject
Project("{8BC9CEB8-8B4A-11D0-8D11-00A0C91BC942}") = "9.4 How a vector Grows", "9.4 How a vector Grows\9.4 How a vector Grows.vcxproj", "{8373BC29-8A6C-4332-858A-134E0271E1D6}"
EndProject
Project("{8BC9CEB8-8B4A-11D0-8D11-00A0C91BC942}") = "9.5 Additional string Operations", "9.5 Additional string Operations\9.5 Additional string Operations.vcxproj", "{E0E835D7-33A7-4209-A637-D653B70A830F}"
EndProject
Project("{8BC9CEB8-8B4A-11D0-8D11-00A0C91BC942}") = "9.6 Container Adapters", "9.6 Container Adapters\9.6 Container Adapters.vcxproj", "{8B1D4D7B-DD66-4632-8574-D87271D6710D}"
EndProject
Global
	GlobalSection(SolutionConfigurationPlatforms) = preSolution
		Debug|x64 = Debug|x64
		Debug|x86 = Debug|x86
		Release|x64 = Release|x64
		Release|x86 = Release|x86
	EndGlobalSection
	GlobalSection(ProjectConfigurationPlatforms) = postSolution
		{DAE458D4-392D-4A2A-B8D8-B1F72825DC68}.Debug|x64.ActiveCfg = Debug|x64
		{DAE458D4-392D-4A2A-B8D8-B1F72825DC68}.Debug|x64.Build.0 = Debug|x64
		{DAE458D4-392D-4A2A-B8D8-B1F72825DC68}.Debug|x86.ActiveCfg = Debug|Win32
		{DAE458D4-392D-4A2A-B8D8-B1F72825DC68}.Debug|x86.Build.0 = Debug|Win32
		{DAE458D4-392D-4A2A-B8D8-B1F72825DC68}.Release|x64.ActiveCfg = Release|x64
		{DAE458D4-392D-4A2A-B8D8-B1F72825DC68}.Release|x64.Build.0 = Release|x64
		{DAE458D4-392D-4A2A-B8D8-B1F72825DC68}.Release|x86.ActiveCfg = Release|Win32
		{DAE458D4-392D-4A2A-B8D8-B1F72825DC68}.Release|x86.Build.0 = Release|Win32
		{865FF138-6E5F-408B-80CE-F0242AA7DA8E}.Debug|x64.ActiveCfg = Debug|x64
		{865FF138-6E5F-408B-80CE-F0242AA7DA8E}.Debug|x64.Build.0 = Debug|x64
		{865FF138-6E5F-408B-80CE-F0242AA7DA8E}.Debug|x86.ActiveCfg = Debug|Win32
		{865FF138-6E5F-408B-80CE-F0242AA7DA8E}.Debug|x86.Build.0 = Debug|Win32
		{865FF138-6E5F-408B-80CE-F0242AA7DA8E}.Release|x64.ActiveCfg = Release|x64
		{865FF138-6E5F-408B-80CE-F0242AA7DA8E}.Release|x64.Build.0 = Release|x64
		{865FF138-6E5F-408B-80CE-F0242AA7DA8E}.Release|x86.ActiveCfg = Release|Win32
		{865FF138-6E5F-408B-80CE-F0242AA7DA8E}.Release|x86.Build.0 = Release|Win32
		{00EB1FCF-9076-4D45-BF06-88096419D303}.Debug|x64.ActiveCfg = Debug|x64
		{00EB1FCF-9076-4D45-BF06-88096419D303}.Debug|x64.Build.0 = Debug|x64
		{00EB1FCF-9076-4D45-BF06-88096419D303}.Debug|x86.ActiveCfg = Debug|Win32
		{00EB1FCF-9076-4D45-BF06-88096419D303}.Debug|x86.Build.0 = Debug|Win32
		{00EB1FCF-9076-4D45-BF06-88096419D303}.Release|x64.ActiveCfg = Release|x64
		{00EB1FCF-9076-4D45-BF06-88096419D303}.Release|x64.Build.0 = Release|x64
		{00EB1FCF-9076-4D45-BF06-88096419D303}.Release|x86.ActiveCfg = Release|Win32
		{00EB1FCF-9076-4D45-BF06-88096419D303}.Release|x86.Build.0 = Release|Win32
		{38564C04-4837-4418-A78D-CDC268B77432}.Debug|x64.ActiveCfg = Debug|x64
		{38564C04-4837-4418-A78D-CDC268B77432}.Debug|x64.Build.0 = Debug|x64
		{38564C04-4837-4418-A78D-CDC268B77432}.Debug|x86.ActiveCfg = Debug|Win32
		{38564C04-4837-4418-A78D-CDC268B77432}.Debug|x86.Build.0 = Debug|Win32
		{38564C04-4837-4418-A78D-CDC268B77432}.Release|x64.ActiveCfg = Release|x64
		{38564C04-4837-4418-A78D-CDC268B77432}.Release|x64.Build.0 = Release|x64
		{38564C04-4837-4418-A78D-CDC268B77432}.Release|x86.ActiveCfg = Release|Win32
		{38564C04-4837-4418-A78D-CDC268B77432}.Release|x86.Build.0 = Release|Win32
		{13F06B5F-AC53-4E20-B91F-EF3B369968A5}.Debug|x64.ActiveCfg = Debug|x64
		{13F06B5F-AC53-4E20-B91F-EF3B369968A5}.Debug|x64.Build.0 = Debug|x64
		{13F06B5F-AC53-4E20-B91F-EF3B369968A5}.Debug|x86.ActiveCfg = Debug|Win32
		{13F06B5F-AC53-4E20-B91F-EF3B369968A5}.Debug|x86.Build.0 = Debug|Win32
		{13F06B5F-AC53-4E20-B91F-EF3B369968A5}.Release|x64.ActiveCfg = Release|x64
		{13F06B5F-AC53-4E20-B91F-EF3B369968A5}.Release|x64.Build.0 = Release|x64
		{13F06B5F-AC53-4E20-B91F-EF3B369968A5}.Release|x86.ActiveCfg = Release|Win32
		{13F06B5F-AC53-4E20-B91F-EF3B369968A5}.Release|x86.Build.0 = Release|Win32
		{0323E8E9-11B6-4828-8DC0-0766FC370A7A}.Debug|x64.ActiveCfg = Debug|x64
		{0323E8E9-11B6-4828-8DC0-0766FC370A7A}.Debug|x64.Build.0 = Debug|x64
		{0323E8E9-11B6-4828-8DC0-0766FC370A7A}.Debug|x86.ActiveCfg = Debug|Win32
		{0323E8E9-11B6-4828-8DC0-0766FC370A7A}.Debug|x86.Build.0 = Debug|Win32
		{0323E8E9-11B6-4828-8DC0-0766FC370A7A}.Release|x64.ActiveCfg = Release|x64
		{0323E8E9-11B6-4828-8DC0-0766FC370A7A}.Release|x64.Build.0 = Release|x64
		{0323E8E9-11B6-4828-8DC0-0766FC370A7A}.Release|x86.ActiveCfg = Release|Win32
		{0323E8E9-11B6-4828-8DC0-0766FC370A7A}.Release|x86.Build.0 = Release|Win32
		{F53EDA8D-D617-4649-A316-BC97F8F31E78}.Debug|x64.ActiveCfg = Debug|x64
		{F53EDA8D-D617-4649-A316-BC97F8F31E78}.Debug|x64.Build.0 = Debug|x64
		{F53EDA8D-D617-4649-A316-BC97F8F31E78}.Debug|x86.ActiveCfg = Debug|Win32
		{F53EDA8D-D617-4649-A316-BC97F8F31E78}.Debug|x86.Build.0 = Debug|Win32
		{F53EDA8D-D617-4649-A316-BC97F8F31E78}.Release|x64.ActiveCfg = Release|x64
		{F53EDA8D-D617-4649-A316-BC97F8F31E78}.Release|x64.Build.0 = Release|x64
		{F53EDA8D-D617-4649-A316-BC97F8F31E78}.Release|x86.ActiveCfg = Release|Win32
		{F53EDA8D-D617-4649-A316-BC97F8F31E78}.Release|x86.Build.0 = Release|Win32
		{FBBD9889-60BD-493D-9E41-30CFE1C45637}.Debug|x64.ActiveCfg = Debug|x64
		{FBBD9889-60BD-493D-9E41-30CFE1C45637}.Debug|x64.Build.0 = Debug|x64
		{FBBD9889-60BD-493D-9E41-30CFE1C45637}.Debug|x86.ActiveCfg = Debug|Win32
		{FBBD9889-60BD-493D-9E41-30CFE1C45637}.Debug|x86.Build.0 = Debug|Win32
		{FBBD9889-60BD-493D-9E41-30CFE1C45637}.Release|x64.ActiveCfg = Release|x64
		{FBBD9889-60BD-493D-9E41-30CFE1C45637}.Release|x64.Build.0 = Release|x64
		{FBBD9889-60BD-493D-9E41-30CFE1C45637}.Release|x86.ActiveCfg = Release|Win32
		{FBBD9889-60BD-493D-9E41-30CFE1C45637}.Release|x86.Build.0 = Release|Win32
		{703325C2-CF11-458C-BC31-552D97DBC998}.Debug|x64.ActiveCfg = Debug|x64
		{703325C2-CF11-458C-BC31-552D97DBC998}.Debug|x64.Build.0 = Debug|x64
		{703325C2-CF11-458C-BC31-552D97DBC998}.Debug|x86.ActiveCfg = Debug|Win32
		{703325C2-CF11-458C-BC31-552D97DBC998}.Debug|x86.Build.0 = Debug|Win32
		{703325C2-CF11-458C-BC31-552D97DBC998}.Release|x64.ActiveCfg = Release|x64
		{703325C2-CF11-458C-BC31-552D97DBC998}.Release|x64.Build.0 = Release|x64
		{703325C2-CF11-458C-BC31-552D97DBC998}.Release|x86.ActiveCfg = Release|Win32
		{703325C2-CF11-458C-BC31-552D97DBC998}.Release|x86.Build.0 = Release|Win32
		{5E32C7FD-BA13-488A-AC45-32AC514FFA81}.Debug|x64.ActiveCfg = Debug|x64
		{5E32C7FD-BA13-488A-AC45-32AC514FFA81}.Debug|x64.Build.0 = Debug|x64
		{5E32C7FD-BA13-488A-AC45-32AC514FFA81}.Debug|x86.ActiveCfg = Debug|Win32
		{5E32C7FD-BA13-488A-AC45-32AC514FFA81}.Debug|x86.Build.0 = Debug|Win32
		{5E32C7FD-BA13-488A-AC45-32AC514FFA81}.Release|x64.ActiveCfg = Release|x64
		{5E32C7FD-BA13-488A-AC45-32AC514FFA81}.Release|x64.Build.0 = Release|x64
		{5E32C7FD-BA13-488A-AC45-32AC514FFA81}.Release|x86.ActiveCfg = Release|Win32
		{5E32C7FD-BA13-488A-AC45-32AC514FFA81}.Release|x86.Build.0 = Release|Win32
		{F9B93C76-A7DD-43DA-BEB9-189AB7EE911F}.Debug|x64.ActiveCfg = Debug|x64
		{F9B93C76-A7DD-43DA-BEB9-189AB7EE911F}.Debug|x64.Build.0 = Debug|x64
		{F9B93C76-A7DD-43DA-BEB9-189AB7EE911F}.Debug|x86.ActiveCfg = Debug|Win32
		{F9B93C76-A7DD-43DA-BEB9-189AB7EE911F}.Debug|x86.Build.0 = Debug|Win32
		{F9B93C76-A7DD-43DA-BEB9-189AB7EE911F}.Release|x64.ActiveCfg = Release|x64
		{F9B93C76-A7DD-43DA-BEB9-189AB7EE911F}.Release|x64.Build.0 = Release|x64
		{F9B93C76-A7DD-43DA-BEB9-189AB7EE911F}.Release|x86.ActiveCfg = Release|Win32
		{F9B93C76-A7DD-43DA-BEB9-189AB7EE911F}.Release|x86.Build.0 = Release|Win32
		{ECC99986-1126-478F-A4C9-C73A23E1CA9C}.Debug|x64.ActiveCfg = Debug|x64
		{ECC99986-1126-478F-A4C9-C73A23E1CA9C}.Debug|x64.Build.0 = Debug|x64
		{ECC99986-1126-478F-A4C9-C73A23E1CA9C}.Debug|x86.ActiveCfg = Debug|Win32
		{ECC99986-1126-478F-A4C9-C73A23E1CA9C}.Debug|x86.Build.0 = Debug|Win32
		{ECC99986-1126-478F-A4C9-C73A23E1CA9C}.Release|x64.ActiveCfg = Release|x64
		{ECC99986-1126-478F-A4C9-C73A23E1CA9C}.Release|x64.Build.0 = Release|x64
		{ECC99986-1126-478F-A4C9-C73A23E1CA9C}.Release|x86.ActiveCfg = Release|Win32
		{ECC99986-1126-478F-A4C9-C73A23E1CA9C}.Release|x86.Build.0 = Release|Win32
		{D6FA0A41-4E18-47BF-A029-CE9C9461A583}.Debug|x64.ActiveCfg = Debug|x64
		{D6FA0A41-4E18-47BF-A029-CE9C9461A583}.Debug|x64.Build.0 = Debug|x64
		{D6FA0A41-4E18-47BF-A029-CE9C9461A583}.Debug|x86.ActiveCfg = Debug|Win32
		{D6FA0A41-4E18-47BF-A029-CE9C9461A583}.Debug|x86.Build.0 = Debug|Win32
		{D6FA0A41-4E18-47BF-A029-CE9C9461A583}.Release|x64.ActiveCfg = Release|x64
		{D6FA0A41-4E18-47BF-A029-CE9C9461A583}.Release|x64.Build.0 = Release|x64
		{D6FA0A41-4E18-47BF-A029-CE9C9461A583}.Release|x86.ActiveCfg = Release|Win32
		{D6FA0A41-4E18-47BF-A029-CE9C9461A583}.Release|x86.Build.0 = Release|Win32
		{91AD8EE8-174C-47F9-A4C0-0EBB38737F8D}.Debug|x64.ActiveCfg = Debug|x64
		{91AD8EE8-174C-47F9-A4C0-0EBB38737F8D}.Debug|x64.Build.0 = Debug|x64
		{91AD8EE8-174C-47F9-A4C0-0EBB38737F8D}.Debug|x86.ActiveCfg = Debug|Win32
		{91AD8EE8-174C-47F9-A4C0-0EBB38737F8D}.Debug|x86.Build.0 = Debug|Win32
		{91AD8EE8-174C-47F9-A4C0-0EBB38737F8D}.Release|x64.ActiveCfg = Release|x64
		{91AD8EE8-174C-47F9-A4C0-0EBB38737F8D}.Release|x64.Build.0 = Release|x64
		{91AD8EE8-174C-47F9-A4C0-0EBB38737F8D}.Release|x86.ActiveCfg = Release|Win32
		{91AD8EE8-174C-47F9-A4C0-0EBB38737F8D}.Release|x86.Build.0 = Release|Win32
		{7F41B37A-2AB7-4911-871D-F0B22393CCE7}.Debug|x64.ActiveCfg = Debug|x64
		{7F41B37A-2AB7-4911-871D-F0B22393CCE7}.Debug|x64.Build.0 = Debug|x64
		{7F41B37A-2AB7-4911-871D-F0B22393CCE7}.Debug|x86.ActiveCfg = Debug|Win32
		{7F41B37A-2AB7-4911-871D-F0B22393CCE7}.Debug|x86.Build.0 = Debug|Win32
		{7F41B37A-2AB7-4911-871D-F0B22393CCE7}.Release|x64.ActiveCfg = Release|x64
		{7F41B37A-2AB7-4911-871D-F0B22393CCE7}.Release|x64.Build.0 = Release|x64
		{7F41B37A-2AB7-4911-871D-F0B22393CCE7}.Release|x86.ActiveCfg = Release|Win32
		{7F41B37A-2AB7-4911-871D-F0B22393CCE7}.Release|x86.Build.0 = Release|Win32
		{F6331AFC-99C9-4EC8-8BC5-CBA827BA490F}.Debug|x64.ActiveCfg = Debug|x64
		{F6331AFC-99C9-4EC8-8BC5-CBA827BA490F}.Debug|x64.Build.0 = Debug|x64
		{F6331AFC-99C9-4EC8-8BC5-CBA827BA490F}.Debug|x86.ActiveCfg = Debug|Win32
		{F6331AFC-99C9-4EC8-8BC5-CBA827BA490F}.Debug|x86.Build.0 = Debug|Win32
		{F6331AFC-99C9-4EC8-8BC5-CBA827BA490F}.Release|x64.ActiveCfg = Release|x64
		{F6331AFC-99C9-4EC8-8BC5-CBA827BA490F}.Release|x64.Build.0 = Release|x64
		{F6331AFC-99C9-4EC8-8BC5-CBA827BA490F}.Release|x86.ActiveCfg = Release|Win32
		{F6331AFC-99C9-4EC8-8BC5-CBA827BA490F}.Release|x86.Build.0 = Release|Win32
		{830C76BE-5988-4A44-9DF4-0D8FDEE511CE}.Debug|x64.ActiveCfg = Debug|x64
		{830C76BE-5988-4A44-9DF4-0D8FDEE511CE}.Debug|x64.Build.0 = Debug|x64
		{830C76BE-5988-4A44-9DF4-0D8FDEE511CE}.Debug|x86.ActiveCfg = Debug|Win32
		{830C76BE-5988-4A44-9DF4-0D8FDEE511CE}.Debug|x86.Build.0 = Debug|Win32
		{830C76BE-5988-4A44-9DF4-0D8FDEE511CE}.Release|x64.ActiveCfg = Release|x64
		{830C76BE-5988-4A44-9DF4-0D8FDEE511CE}.Release|x64.Build.0 = Release|x64
		{830C76BE-5988-4A44-9DF4-0D8FDEE511CE}.Release|x86.ActiveCfg = Release|Win32
		{830C76BE-5988-4A44-9DF4-0D8FDEE511CE}.Release|x86.Build.0 = Release|Win32
		{DE8A4E78-FD0A-4D93-8E93-D18BEA8AE8D8}.Debug|x64.ActiveCfg = Debug|x64
		{DE8A4E78-FD0A-4D93-8E93-D18BEA8AE8D8}.Debug|x64.Build.0 = Debug|x64
		{DE8A4E78-FD0A-4D93-8E93-D18BEA8AE8D8}.Debug|x86.ActiveCfg = Debug|Win32
		{DE8A4E78-FD0A-4D93-8E93-D18BEA8AE8D8}.Debug|x86.Build.0 = Debug|Win32
		{DE8A4E78-FD0A-4D93-8E93-D18BEA8AE8D8}.Release|x64.ActiveCfg = Release|x64
		{DE8A4E78-FD0A-4D93-8E93-D18BEA8AE8D8}.Release|x64.Build.0 = Release|x64
		{DE8A4E78-FD0A-4D93-8E93-D18BEA8AE8D8}.Release|x86.ActiveCfg = Release|Win32
		{DE8A4E78-FD0A-4D93-8E93-D18BEA8AE8D8}.Release|x86.Build.0 = Release|Win32
		{054AC3B7-3753-47BE-82DC-B3C8FC8AF9D7}.Debug|x64.ActiveCfg = Debug|x64
		{054AC3B7-3753-47BE-82DC-B3C8FC8AF9D7}.Debug|x64.Build.0 = Debug|x64
		{054AC3B7-3753-47BE-82DC-B3C8FC8AF9D7}.Debug|x86.ActiveCfg = Debug|Win32
		{054AC3B7-3753-47BE-82DC-B3C8FC8AF9D7}.Debug|x86.Build.0 = Debug|Win32
		{054AC3B7-3753-47BE-82DC-B3C8FC8AF9D7}.Release|x64.ActiveCfg = Release|x64
		{054AC3B7-3753-47BE-82DC-B3C8FC8AF9D7}.Release|x64.Build.0 = Release|x64
		{054AC3B7-3753-47BE-82DC-B3C8FC8AF9D7}.Release|x86.ActiveCfg = Release|Win32
		{054AC3B7-3753-47BE-82DC-B3C8FC8AF9D7}.Release|x86.Build.0 = Release|Win32
		{BD6D6585-16CB-4C61-A1B8-085A84990FE8}.Debug|x64.ActiveCfg = Debug|x64
		{BD6D6585-16CB-4C61-A1B8-085A84990FE8}.Debug|x64.Build.0 = Debug|x64
		{BD6D6585-16CB-4C61-A1B8-085A84990FE8}.Debug|x86.ActiveCfg = Debug|Win32
		{BD6D6585-16CB-4C61-A1B8-085A84990FE8}.Debug|x86.Build.0 = Debug|Win32
		{BD6D6585-16CB-4C61-A1B8-085A84990FE8}.Release|x64.ActiveCfg = Release|x64
		{BD6D6585-16CB-4C61-A1B8-085A84990FE8}.Release|x64.Build.0 = Release|x64
		{BD6D6585-16CB-4C61-A1B8-085A84990FE8}.Release|x86.ActiveCfg = Release|Win32
		{BD6D6585-16CB-4C61-A1B8-085A84990FE8}.Release|x86.Build.0 = Release|Win32
		{3FD4E197-88A7-4037-8F5C-5A2A29B6597D}.Debug|x64.ActiveCfg = Debug|x64
		{3FD4E197-88A7-4037-8F5C-5A2A29B6597D}.Debug|x64.Build.0 = Debug|x64
		{3FD4E197-88A7-4037-8F5C-5A2A29B6597D}.Debug|x86.ActiveCfg = Debug|Win32
		{3FD4E197-88A7-4037-8F5C-5A2A29B6597D}.Debug|x86.Build.0 = Debug|Win32
		{3FD4E197-88A7-4037-8F5C-5A2A29B6597D}.Release|x64.ActiveCfg = Release|x64
		{3FD4E197-88A7-4037-8F5C-5A2A29B6597D}.Release|x64.Build.0 = Release|x64
		{3FD4E197-88A7-4037-8F5C-5A2A29B6597D}.Release|x86.ActiveCfg = Release|Win32
		{3FD4E197-88A7-4037-8F5C-5A2A29B6597D}.Release|x86.Build.0 = Release|Win32
		{8FC75533-94B3-460D-A422-B826FC5C4B70}.Debug|x64.ActiveCfg = Debug|x64
		{8FC75533-94B3-460D-A422-B826FC5C4B70}.Debug|x64.Build.0 = Debug|x64
		{8FC75533-94B3-460D-A422-B826FC5C4B70}.Debug|x86.ActiveCfg = Debug|Win32
		{8FC75533-94B3-460D-A422-B826FC5C4B70}.Debug|x86.Build.0 = Debug|Win32
		{8FC75533-94B3-460D-A422-B826FC5C4B70}.Release|x64.ActiveCfg = Release|x64
		{8FC75533-94B3-460D-A422-B826FC5C4B70}.Release|x64.Build.0 = Release|x64
		{8FC75533-94B3-460D-A422-B826FC5C4B70}.Release|x86.ActiveCfg = Release|Win32
		{8FC75533-94B3-460D-A422-B826FC5C4B70}.Release|x86.Build.0 = Release|Win32
		{9AD4F3C2-6572-4857-ADCC-AF6386FEC6AC}.Debug|x64.ActiveCfg = Debug|x64
		{9AD4F3C2-6572-4857-ADCC-AF6386FEC6AC}.Debug|x64.Build.0 = Debug|x64
		{9AD4F3C2-6572-4857-ADCC-AF6386FEC6AC}.Debug|x86.ActiveCfg = Debug|Win32
		{9AD4F3C2-6572-4857-ADCC-AF6386FEC6AC}.Debug|x86.Build.0 = Debug|Win32
		{9AD4F3C2-6572-4857-ADCC-AF6386FEC6AC}.Release|x64.ActiveCfg = Release|x64
		{9AD4F3C2-6572-4857-ADCC-AF6386FEC6AC}.Release|x64.Build.0 = Release|x64
		{9AD4F3C2-6572-4857-ADCC-AF6386FEC6AC}.Release|x86.ActiveCfg = Release|Win32
		{9AD4F3C2-6572-4857-ADCC-AF6386FEC6AC}.Release|x86.Build.0 = Release|Win32
		{3E7199C4-F371-4F43-855D-72A43552C359}.Debug|x64.ActiveCfg = Debug|x64
		{3E7199C4-F371-4F43-855D-72A43552C359}.Debug|x64.Build.0 = Debug|x64
		{3E7199C4-F371-4F43-855D-72A43552C359}.Debug|x86.ActiveCfg = Debug|Win32
		{3E7199C4-F371-4F43-855D-72A43552C359}.Debug|x86.Build.0 = Debug|Win32
		{3E7199C4-F371-4F43-855D-72A43552C359}.Release|x64.ActiveCfg = Release|x64
		{3E7199C4-F371-4F43-855D-72A43552C359}.Release|x64.Build.0 = Release|x64
		{3E7199C4-F371-4F43-855D-72A43552C359}.Release|x86.ActiveCfg = Release|Win32
		{3E7199C4-F371-4F43-855D-72A43552C359}.Release|x86.Build.0 = Release|Win32
		{AB018EB8-267E-4F19-AD73-9F75BF8A4CA5}.Debug|x64.ActiveCfg = Debug|x64
		{AB018EB8-267E-4F19-AD73-9F75BF8A4CA5}.Debug|x64.Build.0 = Debug|x64
		{AB018EB8-267E-4F19-AD73-9F75BF8A4CA5}.Debug|x86.ActiveCfg = Debug|Win32
		{AB018EB8-267E-4F19-AD73-9F75BF8A4CA5}.Debug|x86.Build.0 = Debug|Win32
		{AB018EB8-267E-4F19-AD73-9F75BF8A4CA5}.Release|x64.ActiveCfg = Release|x64
		{AB018EB8-267E-4F19-AD73-9F75BF8A4CA5}.Release|x64.Build.0 = Release|x64
		{AB018EB8-267E-4F19-AD73-9F75BF8A4CA5}.Release|x86.ActiveCfg = Release|Win32
		{AB018EB8-267E-4F19-AD73-9F75BF8A4CA5}.Release|x86.Build.0 = Release|Win32
		{85752FCB-BC15-45C8-8161-01D00A83D154}.Debug|x64.ActiveCfg = Debug|x64
		{85752FCB-BC15-45C8-8161-01D00A83D154}.Debug|x64.Build.0 = Debug|x64
		{85752FCB-BC15-45C8-8161-01D00A83D154}.Debug|x86.ActiveCfg = Debug|Win32
		{85752FCB-BC15-45C8-8161-01D00A83D154}.Debug|x86.Build.0 = Debug|Win32
		{85752FCB-BC15-45C8-8161-01D00A83D154}.Release|x64.ActiveCfg = Release|x64
		{85752FCB-BC15-45C8-8161-01D00A83D154}.Release|x64.Build.0 = Release|x64
		{85752FCB-BC15-45C8-8161-01D00A83D154}.Release|x86.ActiveCfg = Release|Win32
		{85752FCB-BC15-45C8-8161-01D00A83D154}.Release|x86.Build.0 = Release|Win32
		{BF6B4DB8-727D-4066-958B-CAD9F83903C0}.Debug|x64.ActiveCfg = Debug|x64
		{BF6B4DB8-727D-4066-958B-CAD9F83903C0}.Debug|x64.Build.0 = Debug|x64
		{BF6B4DB8-727D-4066-958B-CAD9F83903C0}.Debug|x86.ActiveCfg = Debug|Win32
		{BF6B4DB8-727D-4066-958B-CAD9F83903C0}.Debug|x86.Build.0 = Debug|Win32
		{BF6B4DB8-727D-4066-958B-CAD9F83903C0}.Release|x64.ActiveCfg = Release|x64
		{BF6B4DB8-727D-4066-958B-CAD9F83903C0}.Release|x64.Build.0 = Release|x64
		{BF6B4DB8-727D-4066-958B-CAD9F83903C0}.Release|x86.ActiveCfg = Release|Win32
		{BF6B4DB8-727D-4066-958B-CAD9F83903C0}.Release|x86.Build.0 = Release|Win32
		{3855DD5F-1A95-447F-B213-64743AD32083}.Debug|x64.ActiveCfg = Debug|x64
		{3855DD5F-1A95-447F-B213-64743AD32083}.Debug|x64.Build.0 = Debug|x64
		{3855DD5F-1A95-447F-B213-64743AD32083}.Debug|x86.ActiveCfg = Debug|Win32
		{3855DD5F-1A95-447F-B213-64743AD32083}.Debug|x86.Build.0 = Debug|Win32
		{3855DD5F-1A95-447F-B213-64743AD32083}.Release|x64.ActiveCfg = Release|x64
		{3855DD5F-1A95-447F-B213-64743AD32083}.Release|x64.Build.0 = Release|x64
		{3855DD5F-1A95-447F-B213-64743AD32083}.Release|x86.ActiveCfg = Release|Win32
		{3855DD5F-1A95-447F-B213-64743AD32083}.Release|x86.Build.0 = Release|Win32
		{2AC5CC55-780A-4F8B-9582-3E0E8FB36FC7}.Debug|x64.ActiveCfg = Debug|x64
		{2AC5CC55-780A-4F8B-9582-3E0E8FB36FC7}.Debug|x64.Build.0 = Debug|x64
		{2AC5CC55-780A-4F8B-9582-3E0E8FB36FC7}.Debug|x86.ActiveCfg = Debug|Win32
		{2AC5CC55-780A-4F8B-9582-3E0E8FB36FC7}.Debug|x86.Build.0 = Debug|Win32
		{2AC5CC55-780A-4F8B-9582-3E0E8FB36FC7}.Release|x64.ActiveCfg = Release|x64
		{2AC5CC55-780A-4F8B-9582-3E0E8FB36FC7}.Release|x64.Build.0 = Release|x64
		{2AC5CC55-780A-4F8B-9582-3E0E8FB36FC7}.Release|x86.ActiveCfg = Release|Win32
		{2AC5CC55-780A-4F8B-9582-3E0E8FB36FC7}.Release|x86.Build.0 = Release|Win32
		{C3470486-3B41-4B61-ADF1-FF23B36E768F}.Debug|x64.ActiveCfg = Debug|x64
		{C3470486-3B41-4B61-ADF1-FF23B36E768F}.Debug|x64.Build.0 = Debug|x64
		{C3470486-3B41-4B61-ADF1-FF23B36E768F}.Debug|x86.ActiveCfg = Debug|Win32
		{C3470486-3B41-4B61-ADF1-FF23B36E768F}.Debug|x86.Build.0 = Debug|Win32
		{C3470486-3B41-4B61-ADF1-FF23B36E768F}.Release|x64.ActiveCfg = Release|x64
		{C3470486-3B41-4B61-ADF1-FF23B36E768F}.Release|x64.Build.0 = Release|x64
		{C3470486-3B41-4B61-ADF1-FF23B36E768F}.Release|x86.ActiveCfg = Release|Win32
		{C3470486-3B41-4B61-ADF1-FF23B36E768F}.Release|x86.Build.0 = Release|Win32
		{3D565B20-6800-4295-91D3-322FC588F6AF}.Debug|x64.ActiveCfg = Debug|x64
		{3D565B20-6800-4295-91D3-322FC588F6AF}.Debug|x64.Build.0 = Debug|x64
		{3D565B20-6800-4295-91D3-322FC588F6AF}.Debug|x86.ActiveCfg = Debug|Win32
		{3D565B20-6800-4295-91D3-322FC588F6AF}.Debug|x86.Build.0 = Debug|Win32
		{3D565B20-6800-4295-91D3-322FC588F6AF}.Release|x64.ActiveCfg = Release|x64
		{3D565B20-6800-4295-91D3-322FC588F6AF}.Release|x64.Build.0 = Release|x64
		{3D565B20-6800-4295-91D3-322FC588F6AF}.Release|x86.ActiveCfg = Release|Win32
		{3D565B20-6800-4295-91D3-322FC588F6AF}.Release|x86.Build.0 = Release|Win32
		{38E0BDCC-7ED1-46CA-BDD4-676D40DA9BE6}.Debug|x64.ActiveCfg = Debug|x64
		{38E0BDCC-7ED1-46CA-BDD4-676D40DA9BE6}.Debug|x64.Build.0 = Debug|x64
		{38E0BDCC-7ED1-46CA-BDD4-676D40DA9BE6}.Debug|x86.ActiveCfg = Debug|Win32
		{38E0BDCC-7ED1-46CA-BDD4-676D40DA9BE6}.Debug|x86.Build.0 = Debug|Win32
		{38E0BDCC-7ED1-46CA-BDD4-676D40DA9BE6}.Release|x64.ActiveCfg = Release|x64
		{38E0BDCC-7ED1-46CA-BDD4-676D40DA9BE6}.Release|x64.Build.0 = Release|x64
		{38E0BDCC-7ED1-46CA-BDD4-676D40DA9BE6}.Release|x86.ActiveCfg = Release|Win32
		{38E0BDCC-7ED1-46CA-BDD4-676D40DA9BE6}.Release|x86.Build.0 = Release|Win32
		{76DC83FC-F316-4FB6-B857-3B0D4EF5DB14}.Debug|x64.ActiveCfg = Debug|x64
		{76DC83FC-F316-4FB6-B857-3B0D4EF5DB14}.Debug|x64.Build.0 = Debug|x64
		{76DC83FC-F316-4FB6-B857-3B0D4EF5DB14}.Debug|x86.ActiveCfg = Debug|Win32
		{76DC83FC-F316-4FB6-B857-3B0D4EF5DB14}.Debug|x86.Build.0 = Debug|Win32
		{76DC83FC-F316-4FB6-B857-3B0D4EF5DB14}.Release|x64.ActiveCfg = Release|x64
		{76DC83FC-F316-4FB6-B857-3B0D4EF5DB14}.Release|x64.Build.0 = Release|x64
		{76DC83FC-F316-4FB6-B857-3B0D4EF5DB14}.Release|x86.ActiveCfg = Release|Win32
		{76DC83FC-F316-4FB6-B857-3B0D4EF5DB14}.Release|x86.Build.0 = Release|Win32
		{CEAA77AE-B80A-4DE8-9BC9-910F4F4599C9}.Debug|x64.ActiveCfg = Debug|x64
		{CEAA77AE-B80A-4DE8-9BC9-910F4F4599C9}.Debug|x64.Build.0 = Debug|x64
		{CEAA77AE-B80A-4DE8-9BC9-910F4F4599C9}.Debug|x86.ActiveCfg = Debug|Win32
		{CEAA77AE-B80A-4DE8-9BC9-910F4F4599C9}.Debug|x86.Build.0 = Debug|Win32
		{CEAA77AE-B80A-4DE8-9BC9-910F4F4599C9}.Release|x64.ActiveCfg = Release|x64
		{CEAA77AE-B80A-4DE8-9BC9-910F4F4599C9}.Release|x64.Build.0 = Release|x64
		{CEAA77AE-B80A-4DE8-9BC9-910F4F4599C9}.Release|x86.ActiveCfg = Release|Win32
		{CEAA77AE-B80A-4DE8-9BC9-910F4F4599C9}.Release|x86.Build.0 = Release|Win32
		{A6CCB150-0666-46E9-8E76-C7C4CCE7C20D}.Debug|x64.ActiveCfg = Debug|x64
		{A6CCB150-0666-46E9-8E76-C7C4CCE7C20D}.Debug|x64.Build.0 = Debug|x64
		{A6CCB150-0666-46E9-8E76-C7C4CCE7C20D}.Debug|x86.ActiveCfg = Debug|Win32
		{A6CCB150-0666-46E9-8E76-C7C4CCE7C20D}.Debug|x86.Build.0 = Debug|Win32
		{A6CCB150-0666-46E9-8E76-C7C4CCE7C20D}.Release|x64.ActiveCfg = Release|x64
		{A6CCB150-0666-46E9-8E76-C7C4CCE7C20D}.Release|x64.Build.0 = Release|x64
		{A6CCB150-0666-46E9-8E76-C7C4CCE7C20D}.Release|x86.ActiveCfg = Release|Win32
		{A6CCB150-0666-46E9-8E76-C7C4CCE7C20D}.Release|x86.Build.0 = Release|Win32
		{45687B88-C378-43B1-89E8-8293D374C3FA}.Debug|x64.ActiveCfg = Debug|x64
		{45687B88-C378-43B1-89E8-8293D374C3FA}.Debug|x64.Build.0 = Debug|x64
		{45687B88-C378-43B1-89E8-8293D374C3FA}.Debug|x86.ActiveCfg = Debug|Win32
		{45687B88-C378-43B1-89E8-8293D374C3FA}.Debug|x86.Build.0 = Debug|Win32
		{45687B88-C378-43B1-89E8-8293D374C3FA}.Release|x64.ActiveCfg = Release|x64
		{45687B88-C378-43B1-89E8-8293D374C3FA}.Release|x64.Build.0 = Release|x64
		{45687B88-C378-43B1-89E8-8293D374C3FA}.Release|x86.ActiveCfg = Release|Win32
		{45687B88-C378-43B1-89E8-8293D374C3FA}.Release|x86.Build.0 = Release|Win32
		{44CB2FD2-F0D1-4947-B222-96B36CBC956A}.Debug|x64.ActiveCfg = Debug|x64
		{44CB2FD2-F0D1-4947-B222-96B36CBC956A}.Debug|x64.Build.0 = Debug|x64
		{44CB2FD2-F0D1-4947-B222-96B36CBC956A}.Debug|x86.ActiveCfg = Debug|Win32
		{44CB2FD2-F0D1-4947-B222-96B36CBC956A}.Debug|x86.Build.0 = Debug|Win32
		{44CB2FD2-F0D1-4947-B222-96B36CBC956A}.Release|x64.ActiveCfg = Release|x64
		{44CB2FD2-F0D1-4947-B222-96B36CBC956A}.Release|x64.Build.0 = Release|x64
		{44CB2FD2-F0D1-4947-B222-96B36CBC956A}.Release|x86.ActiveCfg = Release|Win32
		{44CB2FD2-F0D1-4947-B222-96B36CBC956A}.Release|x86.Build.0 = Release|Win32
		{8373BC29-8A6C-4332-858A-134E0271E1D6}.Debug|x64.ActiveCfg = Debug|x64
		{8373BC29-8A6C-4332-858A-134E0271E1D6}.Debug|x64.Build.0 = Debug|x64
		{8373BC29-8A6C-4332-858A-134E0271E1D6}.Debug|x86.ActiveCfg = Debug|Win32
		{8373BC29-8A6C-4332-858A-134E0271E1D6}.Debug|x86.Build.0 = Debug|Win32
		{8373BC29-8A6C-4332-858A-134E0271E1D6}.Release|x64.ActiveCfg = Release|x64
		{8373BC29-8A6C-4332-858A-134E0271E1D6}.Release|x64.Build.0 = Release|x64
		{8373BC29-8A6C-4332-858A-134E0271E1D6}.Release|x86.ActiveCfg = Release|Win32
		{8373BC29-8A6C-4332-858A-134E0271E1D6}.Release|x86.Build.0 = Release|Win32
		{E0E835D7-33A7-4209-A637-D653B70A830F}.Debug|x64.ActiveCfg = Debug|x64
		{E0E835D7-33A7-4209-A637-D653B70A830F}.Debug|x64.Build.0 = Debug|x64
		{E0E835D7-33A7-4209-A637-D653B70A830F}.Debug|x86.ActiveCfg = Debug|Win32
		{E0E835D7-33A7-4209-A637-D653B70A830F}.Debug|x86.Build.0 = Debug|Win32
		{E0E835D7-33A7-4209-A637-D653B70A830F}.Release|x64.ActiveCfg = Release|x64
		{E0E835D7-33A7-4209-A637-D653B70A830F}.Release|x64.Build.0 = Release|x64
		{E0E835D7-33A7-4209-A637-D653B70A830F}.Release|x86.ActiveCfg = Release|Win32
		{E0E835D7-33A7-4209-A637-D653B70A830F}.Release|x86.Build.0 = Release|Win32
		{8B1D4D7B-DD66-4632-8574-D87271D6710D}.Debug|x64.ActiveCfg = Debug|x64
		{8B1D4D7B-DD66-4632-8574-D87271D6710D}.Debug|x64.Build.0 = Debug|x64
		{8B1D4D7B-DD66-4632-8574-D87271D6710D}.Debug|x86.ActiveCfg = Debug|Win32
		{8B1D4D7B-DD66-4632-8574-D87271D6710D}.Debug|x86.Build.0 = Debug|Win32
		{8B1D4D7B-DD66-4632-8574-D87271D6710D}.Release|x64.ActiveCfg = Release|x64
		{8B1D4D7B-DD66-4632-8574-D87271D6710D}.Release|x64.Build.0 = Release|x64
		{8B1D4D7B-DD66-4632-8574-D87271D6710D}.Release|x86.ActiveCfg = Release|Win32
		{8B1D4D7B-DD66-4632-8574-D87271D6710D}.Release|x86.Build.0 = Release|Win32
	EndGlobalSection
	GlobalSection(SolutionProperties) = preSolution
		HideSolutionNode = FALSE
	EndGlobalSection
	GlobalSection(ExtensibilityGlobals) = postSolution
		SolutionGuid = {AD47F901-B3F3-42F9-8CA3-E8650E9B515A}
	EndGlobalSection
EndGlobal
